
Microsoft Visual Studio Solution File, Format Version 12.00
# Visual Studio Version 16
VisualStudioVersion = 16.0.30225.117
MinimumVisualStudioVersion = 10.0.40219.1
Project("{FAE04EC0-301F-11D3-BF4B-00C04F79EFBC}") = "HeightOptimizationMiniProject", "HeightOptimizationMiniProject\HeightOptimizationMiniProject.csproj", "{05378790-3F89-48FA-9A77-184C742CAF6D}"
EndProject
Global
	GlobalSection(SolutionConfigurationPlatforms) = preSolution
		Debug|Any CPU = Debug|Any CPU
		Release|Any CPU = Release|Any CPU
	EndGlobalSection
	GlobalSection(ProjectConfigurationPlatforms) = postSolution
		{05378790-3F89-48FA-9A77-184C742CAF6D}.Debug|Any CPU.ActiveCfg = Debug|Any CPU
		{05378790-3F89-48FA-9A77-184C742CAF6D}.Debug|Any CPU.Build.0 = Debug|Any CPU
		{05378790-3F89-48FA-9A77-184C742CAF6D}.Release|Any CPU.ActiveCfg = Release|Any CPU
		{05378790-3F89-48FA-9A77-184C742CAF6D}.Release|Any CPU.Build.0 = Release|Any CPU
	EndGlobalSection
	GlobalSection(SolutionProperties) = preSolution
		HideSolutionNode = FALSE
	EndGlobalSection
	GlobalSection(ExtensibilityGlobals) = postSolution
		SolutionGuid = {C35E6CF9-7270-4878-B647-B567B615779A}
	EndGlobalSection
EndGlobal
